
Microsoft Visual Studio Solution File, Format Version 12.00
# Visual Studio Version 17
VisualStudioVersion = 17.9.34728.123
MinimumVisualStudioVersion = 10.0.40219.1
Project("{9A19103F-16F7-4668-BE54-9A1E7A4F7556}") = "WebShopApi", "WebShopApi\WebShopApi.csproj", "{A89E2146-ADBD-445F-87AC-59CB5E1915A4}"
EndProject
Project("{FAE04EC0-301F-11D3-BF4B-00C04F79EFBC}") = "WebShopClient", "WebShopClient\WebShopClient.csproj", "{D27E3793-299A-4E20-8B0D-35C87745F127}"
EndProject
Global
	GlobalSection(SolutionConfigurationPlatforms) = preSolution
		Debug|Any CPU = Debug|Any CPU
		Release|Any CPU = Release|Any CPU
	EndGlobalSection
	GlobalSection(ProjectConfigurationPlatforms) = postSolution
		{A89E2146-ADBD-445F-87AC-59CB5E1915A4}.Debug|Any CPU.ActiveCfg = Debug|Any CPU
		{A89E2146-ADBD-445F-87AC-59CB5E1915A4}.Debug|Any CPU.Build.0 = Debug|Any CPU
		{A89E2146-ADBD-445F-87AC-59CB5E1915A4}.Release|Any CPU.ActiveCfg = Release|Any CPU
		{A89E2146-ADBD-445F-87AC-59CB5E1915A4}.Release|Any CPU.Build.0 = Release|Any CPU
		{D27E3793-299A-4E20-8B0D-35C87745F127}.Debug|Any CPU.ActiveCfg = Debug|Any CPU
		{D27E3793-299A-4E20-8B0D-35C87745F127}.Debug|Any CPU.Build.0 = Debug|Any CPU
		{D27E3793-299A-4E20-8B0D-35C87745F127}.Release|Any CPU.ActiveCfg = Release|Any CPU
		{D27E3793-299A-4E20-8B0D-35C87745F127}.Release|Any CPU.Build.0 = Release|Any CPU
	EndGlobalSection
	GlobalSection(SolutionProperties) = preSolution
		HideSolutionNode = FALSE
	EndGlobalSection
	GlobalSection(ExtensibilityGlobals) = postSolution
		SolutionGuid = {8A4861F8-13DD-4206-B636-720B213BFAD6}
	EndGlobalSection
EndGlobal
