
Microsoft Visual Studio Solution File, Format Version 12.00
Project("{FAE04EC0-301F-11D3-BF4B-00C04F79EFBC}") = "WebShopApi", "WebShopApi\WebShopApi.csproj", "{A89E2146-ADBD-445F-87AC-59CB5E1915A4}"
EndProject
Global
	GlobalSection(SolutionConfigurationPlatforms) = preSolution
		Debug|Any CPU = Debug|Any CPU
		Release|Any CPU = Release|Any CPU
	EndGlobalSection
	GlobalSection(ProjectConfigurationPlatforms) = postSolution
		{A89E2146-ADBD-445F-87AC-59CB5E1915A4}.Debug|Any CPU.ActiveCfg = Debug|Any CPU
		{A89E2146-ADBD-445F-87AC-59CB5E1915A4}.Debug|Any CPU.Build.0 = Debug|Any CPU
		{A89E2146-ADBD-445F-87AC-59CB5E1915A4}.Release|Any CPU.ActiveCfg = Release|Any CPU
		{A89E2146-ADBD-445F-87AC-59CB5E1915A4}.Release|Any CPU.Build.0 = Release|Any CPU
	EndGlobalSection
EndGlobal
